// !$*UTF8*$!
{
	archiveVersion = 1;
	classes = {
	};
	objectVersion = 46;
	objects = {

/* Begin PBXBuildFile section */
		D76D83FC1C613F5D00C5B559 /* AppDelegate.swift in Sources */ = {isa = PBXBuildFile; fileRef = D76D83FB1C613F5D00C5B559 /* AppDelegate.swift */; };
		D76D83FE1C613F5D00C5B559 /* RecordSoundsViewController.swift in Sources */ = {isa = PBXBuildFile; fileRef = D76D83FD1C613F5D00C5B559 /* RecordSoundsViewController.swift */; };
		D76D84011C613F5D00C5B559 /* Main.storyboard in Resources */ = {isa = PBXBuildFile; fileRef = D76D83FF1C613F5D00C5B559 /* Main.storyboard */; };
		D76D84031C613F5D00C5B559 /* Assets.xcassets in Resources */ = {isa = PBXBuildFile; fileRef = D76D84021C613F5D00C5B559 /* Assets.xcassets */; };
		D76D84061C613F5D00C5B559 /* LaunchScreen.storyboard in Resources */ = {isa = PBXBuildFile; fileRef = D76D84041C613F5D00C5B559 /* LaunchScreen.storyboard */; };
		D76D840E1C61757A00C5B559 /* PlaySoundsViewController.swift in Sources */ = {isa = PBXBuildFile; fileRef = D76D840D1C61757A00C5B559 /* PlaySoundsViewController.swift */; };
		D76D84101C617A9000C5B559 /* movie_quote.mp3 in Resources */ = {isa = PBXBuildFile; fileRef = D76D840F1C617A9000C5B559 /* movie_quote.mp3 */; };
		D76D84121C618A1E00C5B559 /* RecordedAudio.swift in Sources */ = {isa = PBXBuildFile; fileRef = D76D84111C618A1E00C5B559 /* RecordedAudio.swift */; };
/* End PBXBuildFile section */

/* Begin PBXFileReference section */
		D76D83F81C613F5D00C5B559 /* Pitch Perfect.app */ = {isa = PBXFileReference; explicitFileType = wrapper.application; includeInIndex = 0; path = "Pitch Perfect.app"; sourceTree = BUILT_PRODUCTS_DIR; };
		D76D83FB1C613F5D00C5B559 /* AppDelegate.swift */ = {isa = PBXFileReference; lastKnownFileType = sourcecode.swift; path = AppDelegate.swift; sourceTree = "<group>"; };
		D76D83FD1C613F5D00C5B559 /* RecordSoundsViewController.swift */ = {isa = PBXFileReference; lastKnownFileType = sourcecode.swift; path = RecordSoundsViewController.swift; sourceTree = "<group>"; };
		D76D84001C613F5D00C5B559 /* Base */ = {isa = PBXFileReference; lastKnownFileType = file.storyboard; name = Base; path = Base.lproj/Main.storyboard; sourceTree = "<group>"; };
		D76D84021C613F5D00C5B559 /* Assets.xcassets */ = {isa = PBXFileReference; lastKnownFileType = folder.assetcatalog; path = Assets.xcassets; sourceTree = "<group>"; };
		D76D84051C613F5D00C5B559 /* Base */ = {isa = PBXFileReference; lastKnownFileType = file.storyboard; name = Base; path = Base.lproj/LaunchScreen.storyboard; sourceTree = "<group>"; };
		D76D84071C613F5D00C5B559 /* Info.plist */ = {isa = PBXFileReference; lastKnownFileType = text.plist.xml; path = Info.plist; sourceTree = "<group>"; };
		D76D840D1C61757A00C5B559 /* PlaySoundsViewController.swift */ = {isa = PBXFileReference; fileEncoding = 4; lastKnownFileType = sourcecode.swift; path = PlaySoundsViewController.swift; sourceTree = "<group>"; };
		D76D840F1C617A9000C5B559 /* movie_quote.mp3 */ = {isa = PBXFileReference; lastKnownFileType = audio.mp3; path = movie_quote.mp3; sourceTree = "<group>"; };
		D76D84111C618A1E00C5B559 /* RecordedAudio.swift */ = {isa = PBXFileReference; fileEncoding = 4; lastKnownFileType = sourcecode.swift; path = RecordedAudio.swift; sourceTree = "<group>"; };
/* End PBXFileReference section */

/* Begin PBXFrameworksBuildPhase section */
		D76D83F51C613F5D00C5B559 /* Frameworks */ = {
			isa = PBXFrameworksBuildPhase;
			buildActionMask = 2147483647;
			files = (
			);
			runOnlyForDeploymentPostprocessing = 0;
		};
/* End PBXFrameworksBuildPhase section */

/* Begin PBXGroup section */
		D76D83EF1C613F5D00C5B559 = {
			isa = PBXGroup;
			children = (
				D76D83FA1C613F5D00C5B559 /* Pitch Perfect */,
				D76D83F91C613F5D00C5B559 /* Products */,
			);
			sourceTree = "<group>";
		};
		D76D83F91C613F5D00C5B559 /* Products */ = {
			isa = PBXGroup;
			children = (
				D76D83F81C613F5D00C5B559 /* Pitch Perfect.app */,
			);
			name = Products;
			sourceTree = "<group>";
		};
		D76D83FA1C613F5D00C5B559 /* Pitch Perfect */ = {
			isa = PBXGroup;
			children = (
				D76D83FB1C613F5D00C5B559 /* AppDelegate.swift */,
				D76D84111C618A1E00C5B559 /* RecordedAudio.swift */,
				D76D840F1C617A9000C5B559 /* movie_quote.mp3 */,
				D76D840D1C61757A00C5B559 /* PlaySoundsViewController.swift */,
				D76D83FD1C613F5D00C5B559 /* RecordSoundsViewController.swift */,
				D76D83FF1C613F5D00C5B559 /* Main.storyboard */,
				D76D84021C613F5D00C5B559 /* Assets.xcassets */,
				D76D84041C613F5D00C5B559 /* LaunchScreen.storyboard */,
				D76D84071C613F5D00C5B559 /* Info.plist */,
			);
			path = "Pitch Perfect";
			sourceTree = "<group>";
		};
/* End PBXGroup section */

/* Begin PBXNativeTarget section */
		D76D83F71C613F5D00C5B559 /* Pitch Perfect */ = {
			isa = PBXNativeTarget;
			buildConfigurationList = D76D840A1C613F5D00C5B559 /* Build configuration list for PBXNativeTarget "Pitch Perfect" */;
			buildPhases = (
				D76D83F41C613F5D00C5B559 /* Sources */,
				D76D83F51C613F5D00C5B559 /* Frameworks */,
				D76D83F61C613F5D00C5B559 /* Resources */,
			);
			buildRules = (
			);
			dependencies = (
			);
			name = "Pitch Perfect";
			productName = "Pitch Perfect";
			productReference = D76D83F81C613F5D00C5B559 /* Pitch Perfect.app */;
			productType = "com.apple.product-type.application";
		};
/* End PBXNativeTarget section */

/* Begin PBXProject section */
		D76D83F01C613F5D00C5B559 /* Project object */ = {
			isa = PBXProject;
			attributes = {
				LastSwiftUpdateCheck = 0720;
				LastUpgradeCheck = 0720;
				ORGANIZATIONNAME = "Shawn Burlew";
				TargetAttributes = {
					D76D83F71C613F5D00C5B559 = {
						CreatedOnToolsVersion = 7.2;
					};
				};
			};
			buildConfigurationList = D76D83F31C613F5D00C5B559 /* Build configuration list for PBXProject "Pitch Perfect" */;
			compatibilityVersion = "Xcode 3.2";
			developmentRegion = English;
			hasScannedForEncodings = 0;
			knownRegions = (
				en,
				Base,
			);
			mainGroup = D76D83EF1C613F5D00C5B559;
			productRefGroup = D76D83F91C613F5D00C5B559 /* Products */;
			projectDirPath = "";
			projectRoot = "";
			targets = (
				D76D83F71C613F5D00C5B559 /* Pitch Perfect */,
			);
		};
/* End PBXProject section */

/* Begin PBXResourcesBuildPhase section */
		D76D83F61C613F5D00C5B559 /* Resources */ = {
			isa = PBXResourcesBuildPhase;
			buildActionMask = 2147483647;
			files = (
				D76D84061C613F5D00C5B559 /* LaunchScreen.storyboard in Resources */,
				D76D84031C613F5D00C5B559 /* Assets.xcassets in Resources */,
				D76D84101C617A9000C5B559 /* movie_quote.mp3 in Resources */,
				D76D84011C613F5D00C5B559 /* Main.storyboard in Resources */,
			);
			runOnlyForDeploymentPostprocessing = 0;
		};
/* End PBXResourcesBuildPhase section */

/* Begin PBXSourcesBuildPhase section */
		D76D83F41C613F5D00C5B559 /* Sources */ = {
			isa = PBXSourcesBuildPhase;
			buildActionMask = 2147483647;
			files = (
				D76D84121C618A1E00C5B559 /* RecordedAudio.swift in Sources */,
				D76D83FE1C613F5D00C5B559 /* RecordSoundsViewController.swift in Sources */,
				D76D840E1C61757A00C5B559 /* PlaySoundsViewController.swift in Sources */,
				D76D83FC1C613F5D00C5B559 /* AppDelegate.swift in Sources */,
			);
			runOnlyForDeploymentPostprocessing = 0;
		};
/* End PBXSourcesBuildPhase section */

/* Begin PBXVariantGroup section */
		D76D83FF1C613F5D00C5B559 /* Main.storyboard */ = {
			isa = PBXVariantGroup;
			children = (
				D76D84001C613F5D00C5B559 /* Base */,
			);
			name = Main.storyboard;
			sourceTree = "<group>";
		};
		D76D84041C613F5D00C5B559 /* LaunchScreen.storyboard */ = {
			isa = PBXVariantGroup;
			children = (
				D76D84051C613F5D00C5B559 /* Base */,
			);
			name = LaunchScreen.storyboard;
			sourceTree = "<group>";
		};
/* End PBXVariantGroup section */

/* Begin XCBuildConfiguration section */
		D76D84081C613F5D00C5B559 /* Debug */ = {
			isa = XCBuildConfiguration;
			buildSettings = {
				ALWAYS_SEARCH_USER_PATHS = NO;
				CLANG_CXX_LANGUAGE_STANDARD = "gnu++0x";
				CLANG_CXX_LIBRARY = "libc++";
				CLANG_ENABLE_MODULES = YES;
				CLANG_ENABLE_OBJC_ARC = YES;
				CLANG_WARN_BOOL_CONVERSION = YES;
				CLANG_WARN_CONSTANT_CONVERSION = YES;
				CLANG_WARN_DIRECT_OBJC_ISA_USAGE = YES_ERROR;
				CLANG_WARN_EMPTY_BODY = YES;
				CLANG_WARN_ENUM_CONVERSION = YES;
				CLANG_WARN_INT_CONVERSION = YES;
				CLANG_WARN_OBJC_ROOT_CLASS = YES_ERROR;
				CLANG_WARN_UNREACHABLE_CODE = YES;
				CLANG_WARN__DUPLICATE_METHOD_MATCH = YES;
				"CODE_SIGN_IDENTITY[sdk=iphoneos*]" = "iPhone Developer";
				COPY_PHASE_STRIP = NO;
				DEBUG_INFORMATION_FORMAT = dwarf;
				ENABLE_STRICT_OBJC_MSGSEND = YES;
				ENABLE_TESTABILITY = YES;
				GCC_C_LANGUAGE_STANDARD = gnu99;
				GCC_DYNAMIC_NO_PIC = NO;
				GCC_NO_COMMON_BLOCKS = YES;
				GCC_OPTIMIZATION_LEVEL = 0;
				GCC_PREPROCESSOR_DEFINITIONS = (
					"DEBUG=1",
					"$(inherited)",
				);
				GCC_WARN_64_TO_32_BIT_CONVERSION = YES;
				GCC_WARN_ABOUT_RETURN_TYPE = YES_ERROR;
				GCC_WARN_UNDECLARED_SELECTOR = YES;
				GCC_WARN_UNINITIALIZED_AUTOS = YES_AGGRESSIVE;
				GCC_WARN_UNUSED_FUNCTION = YES;
				GCC_WARN_UNUSED_VARIABLE = YES;
				IPHONEOS_DEPLOYMENT_TARGET = 9.2;
				MTL_ENABLE_DEBUG_INFO = YES;
				ONLY_ACTIVE_ARCH = YES;
				SDKROOT = iphoneos;
				SWIFT_OPTIMIZATION_LEVEL = "-Onone";
				TARGETED_DEVICE_FAMILY = "1,2";
			};
			name = Debug;
		};
		D76D84091C613F5D00C5B559 /* Release */ = {
			isa = XCBuildConfiguration;
			buildSettings = {
				ALWAYS_SEARCH_USER_PATHS = NO;
				CLANG_CXX_LANGUAGE_STANDARD = "gnu++0x";
				CLANG_CXX_LIBRARY = "libc++";
				CLANG_ENABLE_MODULES = YES;
				CLANG_ENABLE_OBJC_ARC = YES;
				CLANG_WARN_BOOL_CONVERSION = YES;
				CLANG_WARN_CONSTANT_CONVERSION = YES;
				CLANG_WARN_DIRECT_OBJC_ISA_USAGE = YES_ERROR;
				CLANG_WARN_EMPTY_BODY = YES;
				CLANG_WARN_ENUM_CONVERSION = YES;
				CLANG_WARN_INT_CONVERSION = YES;
				CLANG_WARN_OBJC_ROOT_CLASS = YES_ERROR;
				CLANG_WARN_UNREACHABLE_CODE = YES;
				CLANG_WARN__DUPLICATE_METHOD_MATCH = YES;
				"CODE_SIGN_IDENTITY[sdk=iphoneos*]" = "iPhone Developer";
				COPY_PHASE_STRIP = NO;
				DEBUG_INFORMATION_FORMAT = "dwarf-with-dsym";
				ENABLE_NS_ASSERTIONS = NO;
				ENABLE_STRICT_OBJC_MSGSEND = YES;
				GCC_C_LANGUAGE_STANDARD = gnu99;
				GCC_NO_COMMON_BLOCKS = YES;
				GCC_WARN_64_TO_32_BIT_CONVERSION = YES;
				GCC_WARN_ABOUT_RETURN_TYPE = YES_ERROR;
				GCC_WARN_UNDECLARED_SELECTOR = YES;
				GCC_WARN_UNINITIALIZED_AUTOS = YES_AGGRESSIVE;
				GCC_WARN_UNUSED_FUNCTION = YES;
				GCC_WARN_UNUSED_VARIABLE = YES;
				IPHONEOS_DEPLOYMENT_TARGET = 9.2;
				MTL_ENABLE_DEBUG_INFO = NO;
				SDKROOT = iphoneos;
				TARGETED_DEVICE_FAMILY = "1,2";
				VALIDATE_PRODUCT = YES;
			};
			name = Release;
		};
		D76D840B1C613F5D00C5B559 /* Debug */ = {
			isa = XCBuildConfiguration;
			buildSettings = {
				ASSETCATALOG_COMPILER_APPICON_NAME = AppIcon;
				INFOPLIST_FILE = "Pitch Perfect/Info.plist";
				LD_RUNPATH_SEARCH_PATHS = "$(inherited) @executable_path/Frameworks";
				PRODUCT_BUNDLE_IDENTIFIER = "Burlew.Pitch-Perfect";
				PRODUCT_NAME = "$(TARGET_NAME)";
			};
			name = Debug;
		};
		D76D840C1C613F5D00C5B559 /* Release */ = {
			isa = XCBuildConfiguration;
			buildSettings = {
				ASSETCATALOG_COMPILER_APPICON_NAME = AppIcon;
				INFOPLIST_FILE = "Pitch Perfect/Info.plist";
				LD_RUNPATH_SEARCH_PATHS = "$(inherited) @executable_path/Frameworks";
				PRODUCT_BUNDLE_IDENTIFIER = "Burlew.Pitch-Perfect";
				PRODUCT_NAME = "$(TARGET_NAME)";
			};
			name = Release;
		};
/* End XCBuildConfiguration section */

/* Begin XCConfigurationList section */
		D76D83F31C613F5D00C5B559 /* Build configuration list for PBXProject "Pitch Perfect" */ = {
			isa = XCConfigurationList;
			buildConfigurations = (
				D76D84081C613F5D00C5B559 /* Debug */,
				D76D84091C613F5D00C5B559 /* Release */,
			);
			defaultConfigurationIsVisible = 0;
			defaultConfigurationName = Release;
		};
		D76D840A1C613F5D00C5B559 /* Build configuration list for PBXNativeTarget "Pitch Perfect" */ = {
			isa = XCConfigurationList;
			buildConfigurations = (
				D76D840B1C613F5D00C5B559 /* Debug */,
				D76D840C1C613F5D00C5B559 /* Release */,
			);
			defaultConfigurationIsVisible = 0;
		};
/* End XCConfigurationList section */
	};
	rootObject = D76D83F01C613F5D00C5B559 /* Project object */;
}
